{
  "name": "html",
  "version": "1.0.0",
  "lockfileVersion": 2,
  "requires": true,
  "packages": {
    "": {
      "name": "html",
      "version": "1.0.0",
      "license": "ISC",
      "dependencies": {
        "hyntax": "^1.1.9",
        "json-stringify-safe": "^5.0.1"
      }
    },
    "node_modules/hyntax": {
      "version": "1.1.9",
      "resolved": "https://registry.npmjs.org/hyntax/-/hyntax-1.1.9.tgz",
      "integrity": "sha512-xjxyDLbVDdLgjPnl4NM+Iu6il3UPmk6PNCBXruQKeuKDc/HtaZx1hk1AtMgw3vsn9YnLZRfoBpPxYMXcoT5KAA==",
      "engines": {
        "node": ">=6.11.1",
        "npm": ">=5.3.0"
      }
    },
    "node_modules/json-stringify-safe": {
      "version": "5.0.1",
      "resolved": "https://registry.npmjs.org/json-stringify-safe/-/json-stringify-safe-5.0.1.tgz",
      "integrity": "sha1-Epai1Y/UXxmg9s4B1lcB4sc1tus="
    }
  },
  "dependencies": {
    "hyntax": {
      "version": "1.1.9",
      "resolved": "https://registry.npmjs.org/hyntax/-/hyntax-1.1.9.tgz",
      "integrity": "sha512-xjxyDLbVDdLgjPnl4NM+Iu6il3UPmk6PNCBXruQKeuKDc/HtaZx1hk1AtMgw3vsn9YnLZRfoBpPxYMXcoT5KAA=="
    },
    "json-stringify-safe": {
      "version": "5.0.1",
      "resolved": "https://registry.npmjs.org/json-stringify-safe/-/json-stringify-safe-5.0.1.tgz",
      "integrity": "sha1-Epai1Y/UXxmg9s4B1lcB4sc1tus="
    }
  }
}
